
Microsoft Visual Studio Solution File, Format Version 12.00
# Visual Studio Version 17
VisualStudioVersion = 17.0.31903.59
MinimumVisualStudioVersion = 10.0.40219.1
Project("{2150E333-8FDC-42A3-9474-1A3956D46DE8}") = "src", "src", "{31503A2D-0DB2-4481-8CA0-76AE514B6E90}"
EndProject
Project("{FAE04EC0-301F-11D3-BF4B-00C04F79EFBC}") = "Ecad.App", "src\Ecad.App\Ecad.App.csproj", "{5584D62D-7C3B-4978-9E45-659840019E76}"
EndProject
Project("{FAE04EC0-301F-11D3-BF4B-00C04F79EFBC}") = "Ecad.Core", "src\Ecad.Core\Ecad.Core.csproj", "{4BF4EE50-F89A-4316-9804-822CEE16CDAF}"
EndProject
Project("{FAE04EC0-301F-11D3-BF4B-00C04F79EFBC}") = "Ecad.Data", "src\Ecad.Data\Ecad.Data.csproj", "{3C404839-B6C1-43E8-8501-179224B0766D}"
EndProject
Project("{FAE04EC0-301F-11D3-BF4B-00C04F79EFBC}") = "Ecad.Rendering", "src\Ecad.Rendering\Ecad.Rendering.csproj", "{E12C7C7B-2650-4C5C-8D2A-423DF6DD4210}"
EndProject
Project("{FAE04EC0-301F-11D3-BF4B-00C04F79EFBC}") = "Ecad.Reports", "src\Ecad.Reports\Ecad.Reports.csproj", "{836E70E8-BC3D-40D3-AEF4-AEE74E8A7E46}"
EndProject
Project("{2150E333-8FDC-42A3-9474-1A3956D46DE8}") = "tests", "tests", "{C840083F-4CA1-432C-891F-7F7ABECB8104}"
EndProject
Project("{FAE04EC0-301F-11D3-BF4B-00C04F79EFBC}") = "Ecad.Core.Tests", "tests\Ecad.Core.Tests\Ecad.Core.Tests.csproj", "{D69771CB-10E9-47E2-86F3-AA57656A08B8}"
EndProject
Project("{FAE04EC0-301F-11D3-BF4B-00C04F79EFBC}") = "Ecad.Data.Tests", "tests\Ecad.Data.Tests\Ecad.Data.Tests.csproj", "{F9CE59B8-D090-418E-8413-2ECA47D394AB}"
EndProject
Global
	GlobalSection(SolutionConfigurationPlatforms) = preSolution
		Debug|Any CPU = Debug|Any CPU
		Release|Any CPU = Release|Any CPU
	EndGlobalSection
	GlobalSection(SolutionProperties) = preSolution
		HideSolutionNode = FALSE
	EndGlobalSection
	GlobalSection(ProjectConfigurationPlatforms) = postSolution
		{5584D62D-7C3B-4978-9E45-659840019E76}.Debug|Any CPU.ActiveCfg = Debug|Any CPU
		{5584D62D-7C3B-4978-9E45-659840019E76}.Debug|Any CPU.Build.0 = Debug|Any CPU
		{5584D62D-7C3B-4978-9E45-659840019E76}.Release|Any CPU.ActiveCfg = Release|Any CPU
		{5584D62D-7C3B-4978-9E45-659840019E76}.Release|Any CPU.Build.0 = Release|Any CPU
		{4BF4EE50-F89A-4316-9804-822CEE16CDAF}.Debug|Any CPU.ActiveCfg = Debug|Any CPU
		{4BF4EE50-F89A-4316-9804-822CEE16CDAF}.Debug|Any CPU.Build.0 = Debug|Any CPU
		{4BF4EE50-F89A-4316-9804-822CEE16CDAF}.Release|Any CPU.ActiveCfg = Release|Any CPU
		{4BF4EE50-F89A-4316-9804-822CEE16CDAF}.Release|Any CPU.Build.0 = Release|Any CPU
		{3C404839-B6C1-43E8-8501-179224B0766D}.Debug|Any CPU.ActiveCfg = Debug|Any CPU
		{3C404839-B6C1-43E8-8501-179224B0766D}.Debug|Any CPU.Build.0 = Debug|Any CPU
		{3C404839-B6C1-43E8-8501-179224B0766D}.Release|Any CPU.ActiveCfg = Release|Any CPU
		{3C404839-B6C1-43E8-8501-179224B0766D}.Release|Any CPU.Build.0 = Release|Any CPU
		{E12C7C7B-2650-4C5C-8D2A-423DF6DD4210}.Debug|Any CPU.ActiveCfg = Debug|Any CPU
		{E12C7C7B-2650-4C5C-8D2A-423DF6DD4210}.Debug|Any CPU.Build.0 = Debug|Any CPU
		{E12C7C7B-2650-4C5C-8D2A-423DF6DD4210}.Release|Any CPU.ActiveCfg = Release|Any CPU
		{E12C7C7B-2650-4C5C-8D2A-423DF6DD4210}.Release|Any CPU.Build.0 = Release|Any CPU
		{836E70E8-BC3D-40D3-AEF4-AEE74E8A7E46}.Debug|Any CPU.ActiveCfg = Debug|Any CPU
		{836E70E8-BC3D-40D3-AEF4-AEE74E8A7E46}.Debug|Any CPU.Build.0 = Debug|Any CPU
		{836E70E8-BC3D-40D3-AEF4-AEE74E8A7E46}.Release|Any CPU.ActiveCfg = Release|Any CPU
		{836E70E8-BC3D-40D3-AEF4-AEE74E8A7E46}.Release|Any CPU.Build.0 = Release|Any CPU
		{D69771CB-10E9-47E2-86F3-AA57656A08B8}.Debug|Any CPU.ActiveCfg = Debug|Any CPU
		{D69771CB-10E9-47E2-86F3-AA57656A08B8}.Debug|Any CPU.Build.0 = Debug|Any CPU
		{D69771CB-10E9-47E2-86F3-AA57656A08B8}.Release|Any CPU.ActiveCfg = Release|Any CPU
		{D69771CB-10E9-47E2-86F3-AA57656A08B8}.Release|Any CPU.Build.0 = Release|Any CPU
		{F9CE59B8-D090-418E-8413-2ECA47D394AB}.Debug|Any CPU.ActiveCfg = Debug|Any CPU
		{F9CE59B8-D090-418E-8413-2ECA47D394AB}.Debug|Any CPU.Build.0 = Debug|Any CPU
		{F9CE59B8-D090-418E-8413-2ECA47D394AB}.Release|Any CPU.ActiveCfg = Release|Any CPU
		{F9CE59B8-D090-418E-8413-2ECA47D394AB}.Release|Any CPU.Build.0 = Release|Any CPU
	EndGlobalSection
	GlobalSection(NestedProjects) = preSolution
		{5584D62D-7C3B-4978-9E45-659840019E76} = {31503A2D-0DB2-4481-8CA0-76AE514B6E90}
		{4BF4EE50-F89A-4316-9804-822CEE16CDAF} = {31503A2D-0DB2-4481-8CA0-76AE514B6E90}
		{3C404839-B6C1-43E8-8501-179224B0766D} = {31503A2D-0DB2-4481-8CA0-76AE514B6E90}
		{E12C7C7B-2650-4C5C-8D2A-423DF6DD4210} = {31503A2D-0DB2-4481-8CA0-76AE514B6E90}
		{836E70E8-BC3D-40D3-AEF4-AEE74E8A7E46} = {31503A2D-0DB2-4481-8CA0-76AE514B6E90}
		{D69771CB-10E9-47E2-86F3-AA57656A08B8} = {C840083F-4CA1-432C-891F-7F7ABECB8104}
		{F9CE59B8-D090-418E-8413-2ECA47D394AB} = {C840083F-4CA1-432C-891F-7F7ABECB8104}
	EndGlobalSection
EndGlobal
